// !$*UTF8*$!
{
	archiveVersion = 1;
	classes = {
	};
	objectVersion = 46;
	objects = {

/* Begin PBXBuildFile section */
		22C443D01E2D51DD00F4EA5C /* SnapsViewController.swift in Sources */ = {isa = PBXBuildFile; fileRef = 22C443CF1E2D51DD00F4EA5C /* SnapsViewController.swift */; };
		22C443D21E2D5F3A00F4EA5C /* PictureViewController.swift in Sources */ = {isa = PBXBuildFile; fileRef = 22C443D11E2D5F3A00F4EA5C /* PictureViewController.swift */; };
		22C443D41E2D82F100F4EA5C /* SelectUserViewController.swift in Sources */ = {isa = PBXBuildFile; fileRef = 22C443D31E2D82F100F4EA5C /* SelectUserViewController.swift */; };
		22C443D61E2E98DB00F4EA5C /* User.swift in Sources */ = {isa = PBXBuildFile; fileRef = 22C443D51E2E98DB00F4EA5C /* User.swift */; };
		22C443DB1E2EB29800F4EA5C /* Snap.swift in Sources */ = {isa = PBXBuildFile; fileRef = 22C443DA1E2EB29800F4EA5C /* Snap.swift */; };
		22FCC3AD1E269CA500DD3925 /* AppDelegate.swift in Sources */ = {isa = PBXBuildFile; fileRef = 22FCC3AC1E269CA500DD3925 /* AppDelegate.swift */; };
		22FCC3AF1E269CA500DD3925 /* SignInViewController.swift in Sources */ = {isa = PBXBuildFile; fileRef = 22FCC3AE1E269CA500DD3925 /* SignInViewController.swift */; };
		22FCC3B21E269CA500DD3925 /* Main.storyboard in Resources */ = {isa = PBXBuildFile; fileRef = 22FCC3B01E269CA500DD3925 /* Main.storyboard */; };
		22FCC3B41E269CA500DD3925 /* Assets.xcassets in Resources */ = {isa = PBXBuildFile; fileRef = 22FCC3B31E269CA500DD3925 /* Assets.xcassets */; };
		22FCC3B71E269CA500DD3925 /* LaunchScreen.storyboard in Resources */ = {isa = PBXBuildFile; fileRef = 22FCC3B51E269CA500DD3925 /* LaunchScreen.storyboard */; };
		22FCC3BF1E26A43E00DD3925 /* GoogleService-Info.plist in Resources */ = {isa = PBXBuildFile; fileRef = 22FCC3BE1E26A43E00DD3925 /* GoogleService-Info.plist */; };
		8A873E0D69145219490C614A /* Pods_Vinterchat.framework in Frameworks */ = {isa = PBXBuildFile; fileRef = C1E2C788D67E3AE7284D31C5 /* Pods_Vinterchat.framework */; };
/* End PBXBuildFile section */

/* Begin PBXFileReference section */
		1977B3A4C75040D7519291A8 /* Pods-Vinterchat.release.xcconfig */ = {isa = PBXFileReference; includeInIndex = 1; lastKnownFileType = text.xcconfig; name = "Pods-Vinterchat.release.xcconfig"; path = "Pods/Target Support Files/Pods-Vinterchat/Pods-Vinterchat.release.xcconfig"; sourceTree = "<group>"; };
		22C443CF1E2D51DD00F4EA5C /* SnapsViewController.swift */ = {isa = PBXFileReference; fileEncoding = 4; lastKnownFileType = sourcecode.swift; path = SnapsViewController.swift; sourceTree = "<group>"; };
		22C443D11E2D5F3A00F4EA5C /* PictureViewController.swift */ = {isa = PBXFileReference; fileEncoding = 4; lastKnownFileType = sourcecode.swift; path = PictureViewController.swift; sourceTree = "<group>"; };
		22C443D31E2D82F100F4EA5C /* SelectUserViewController.swift */ = {isa = PBXFileReference; fileEncoding = 4; lastKnownFileType = sourcecode.swift; path = SelectUserViewController.swift; sourceTree = "<group>"; };
		22C443D51E2E98DB00F4EA5C /* User.swift */ = {isa = PBXFileReference; fileEncoding = 4; lastKnownFileType = sourcecode.swift; name = User.swift; path = ../User.swift; sourceTree = "<group>"; };
		22C443DA1E2EB29800F4EA5C /* Snap.swift */ = {isa = PBXFileReference; fileEncoding = 4; lastKnownFileType = sourcecode.swift; path = Snap.swift; sourceTree = "<group>"; };
		22FCC3A91E269CA500DD3925 /* Vinterchat.app */ = {isa = PBXFileReference; explicitFileType = wrapper.application; includeInIndex = 0; path = Vinterchat.app; sourceTree = BUILT_PRODUCTS_DIR; };
		22FCC3AC1E269CA500DD3925 /* AppDelegate.swift */ = {isa = PBXFileReference; lastKnownFileType = sourcecode.swift; path = AppDelegate.swift; sourceTree = "<group>"; };
		22FCC3AE1E269CA500DD3925 /* SignInViewController.swift */ = {isa = PBXFileReference; lastKnownFileType = sourcecode.swift; path = SignInViewController.swift; sourceTree = "<group>"; };
		22FCC3B11E269CA500DD3925 /* Base */ = {isa = PBXFileReference; lastKnownFileType = file.storyboard; name = Base; path = Base.lproj/Main.storyboard; sourceTree = "<group>"; };
		22FCC3B31E269CA500DD3925 /* Assets.xcassets */ = {isa = PBXFileReference; lastKnownFileType = folder.assetcatalog; path = Assets.xcassets; sourceTree = "<group>"; };
		22FCC3B61E269CA500DD3925 /* Base */ = {isa = PBXFileReference; lastKnownFileType = file.storyboard; name = Base; path = Base.lproj/LaunchScreen.storyboard; sourceTree = "<group>"; };
		22FCC3B81E269CA500DD3925 /* Info.plist */ = {isa = PBXFileReference; lastKnownFileType = text.plist.xml; path = Info.plist; sourceTree = "<group>"; };
		22FCC3BE1E26A43E00DD3925 /* GoogleService-Info.plist */ = {isa = PBXFileReference; fileEncoding = 4; lastKnownFileType = text.plist.xml; path = "GoogleService-Info.plist"; sourceTree = "<group>"; };
		5C898922BD5CAB45DC7128C9 /* Pods-Vinterchat.debug.xcconfig */ = {isa = PBXFileReference; includeInIndex = 1; lastKnownFileType = text.xcconfig; name = "Pods-Vinterchat.debug.xcconfig"; path = "Pods/Target Support Files/Pods-Vinterchat/Pods-Vinterchat.debug.xcconfig"; sourceTree = "<group>"; };
		C1E2C788D67E3AE7284D31C5 /* Pods_Vinterchat.framework */ = {isa = PBXFileReference; explicitFileType = wrapper.framework; includeInIndex = 0; path = Pods_Vinterchat.framework; sourceTree = BUILT_PRODUCTS_DIR; };
/* End PBXFileReference section */

/* Begin PBXFrameworksBuildPhase section */
		22FCC3A61E269CA500DD3925 /* Frameworks */ = {
			isa = PBXFrameworksBuildPhase;
			buildActionMask = 2147483647;
			files = (
				8A873E0D69145219490C614A /* Pods_Vinterchat.framework in Frameworks */,
			);
			runOnlyForDeploymentPostprocessing = 0;
		};
/* End PBXFrameworksBuildPhase section */

/* Begin PBXGroup section */
		1A0F8DC0C07C9BCB3EBB63D8 /* Frameworks */ = {
			isa = PBXGroup;
			children = (
				C1E2C788D67E3AE7284D31C5 /* Pods_Vinterchat.framework */,
			);
			name = Frameworks;
			sourceTree = "<group>";
		};
		22C443D71E2E993000F4EA5C /* ViewControllers */ = {
			isa = PBXGroup;
			children = (
				22FCC3AE1E269CA500DD3925 /* SignInViewController.swift */,
				22C443CF1E2D51DD00F4EA5C /* SnapsViewController.swift */,
				22C443D11E2D5F3A00F4EA5C /* PictureViewController.swift */,
				22C443D31E2D82F100F4EA5C /* SelectUserViewController.swift */,
			);
			name = ViewControllers;
			sourceTree = "<group>";
		};
		22C443D91E2E996000F4EA5C /* Models */ = {
			isa = PBXGroup;
			children = (
				22C443D51E2E98DB00F4EA5C /* User.swift */,
				22C443DA1E2EB29800F4EA5C /* Snap.swift */,
			);
			name = Models;
			sourceTree = "<group>";
		};
		22FCC3A01E269CA500DD3925 = {
			isa = PBXGroup;
			children = (
				22FCC3AB1E269CA500DD3925 /* Vinterchat */,
				22FCC3AA1E269CA500DD3925 /* Products */,
				6079FFB61008FB65E264E08A /* Pods */,
				1A0F8DC0C07C9BCB3EBB63D8 /* Frameworks */,
			);
			sourceTree = "<group>";
		};
		22FCC3AA1E269CA500DD3925 /* Products */ = {
			isa = PBXGroup;
			children = (
				22FCC3A91E269CA500DD3925 /* Vinterchat.app */,
			);
			name = Products;
			sourceTree = "<group>";
		};
		22FCC3AB1E269CA500DD3925 /* Vinterchat */ = {
			isa = PBXGroup;
			children = (
				22C443D71E2E993000F4EA5C /* ViewControllers */,
				22C443D91E2E996000F4EA5C /* Models */,
				22FCC3B01E269CA500DD3925 /* Main.storyboard */,
				22FCC3AC1E269CA500DD3925 /* AppDelegate.swift */,
				22FCC3B31E269CA500DD3925 /* Assets.xcassets */,
				22FCC3B51E269CA500DD3925 /* LaunchScreen.storyboard */,
				22FCC3B81E269CA500DD3925 /* Info.plist */,
				22FCC3BE1E26A43E00DD3925 /* GoogleService-Info.plist */,
			);
			path = Vinterchat;
			sourceTree = "<group>";
		};
		6079FFB61008FB65E264E08A /* Pods */ = {
			isa = PBXGroup;
			children = (
				5C898922BD5CAB45DC7128C9 /* Pods-Vinterchat.debug.xcconfig */,
				1977B3A4C75040D7519291A8 /* Pods-Vinterchat.release.xcconfig */,
			);
			name = Pods;
			sourceTree = "<group>";
		};
/* End PBXGroup section */

/* Begin PBXNativeTarget section */
		22FCC3A81E269CA500DD3925 /* Vinterchat */ = {
			isa = PBXNativeTarget;
			buildConfigurationList = 22FCC3BB1E269CA500DD3925 /* Build configuration list for PBXNativeTarget "Vinterchat" */;
			buildPhases = (
				55BB2805D3CDC38B8D18347F /* [CP] Check Pods Manifest.lock */,
				22FCC3A51E269CA500DD3925 /* Sources */,
				22FCC3A61E269CA500DD3925 /* Frameworks */,
				22FCC3A71E269CA500DD3925 /* Resources */,
				7212DCBCABCB23B1563BA8D3 /* [CP] Embed Pods Frameworks */,
				514A3A4884EA319F3EA127F9 /* [CP] Copy Pods Resources */,
			);
			buildRules = (
			);
			dependencies = (
			);
			name = Vinterchat;
			productName = Vinterchat;
			productReference = 22FCC3A91E269CA500DD3925 /* Vinterchat.app */;
			productType = "com.apple.product-type.application";
		};
/* End PBXNativeTarget section */

/* Begin PBXProject section */
		22FCC3A11E269CA500DD3925 /* Project object */ = {
			isa = PBXProject;
			attributes = {
				LastSwiftUpdateCheck = 0820;
				LastUpgradeCheck = 0820;
				ORGANIZATIONNAME = "Guillermo García";
				TargetAttributes = {
					22FCC3A81E269CA500DD3925 = {
						CreatedOnToolsVersion = 8.2.1;
						DevelopmentTeam = TD289HG895;
						ProvisioningStyle = Automatic;
					};
				};
			};
			buildConfigurationList = 22FCC3A41E269CA500DD3925 /* Build configuration list for PBXProject "Vinterchat" */;
			compatibilityVersion = "Xcode 3.2";
			developmentRegion = English;
			hasScannedForEncodings = 0;
			knownRegions = (
				en,
				Base,
			);
			mainGroup = 22FCC3A01E269CA500DD3925;
			productRefGroup = 22FCC3AA1E269CA500DD3925 /* Products */;
			projectDirPath = "";
			projectRoot = "";
			targets = (
				22FCC3A81E269CA500DD3925 /* Vinterchat */,
			);
		};
/* End PBXProject section */

/* Begin PBXResourcesBuildPhase section */
		22FCC3A71E269CA500DD3925 /* Resources */ = {
			isa = PBXResourcesBuildPhase;
			buildActionMask = 2147483647;
			files = (
				22FCC3B71E269CA500DD3925 /* LaunchScreen.storyboard in Resources */,
				22FCC3BF1E26A43E00DD3925 /* GoogleService-Info.plist in Resources */,
				22FCC3B41E269CA500DD3925 /* Assets.xcassets in Resources */,
				22FCC3B21E269CA500DD3925 /* Main.storyboard in Resources */,
			);
			runOnlyForDeploymentPostprocessing = 0;
		};
/* End PBXResourcesBuildPhase section */

/* Begin PBXShellScriptBuildPhase section */
		514A3A4884EA319F3EA127F9 /* [CP] Copy Pods Resources */ = {
			isa = PBXShellScriptBuildPhase;
			buildActionMask = 2147483647;
			files = (
			);
			inputPaths = (
			);
			name = "[CP] Copy Pods Resources";
			outputPaths = (
			);
			runOnlyForDeploymentPostprocessing = 0;
			shellPath = /bin/sh;
			shellScript = "\"${SRCROOT}/Pods/Target Support Files/Pods-Vinterchat/Pods-Vinterchat-resources.sh\"\n";
			showEnvVarsInLog = 0;
		};
		55BB2805D3CDC38B8D18347F /* [CP] Check Pods Manifest.lock */ = {
			isa = PBXShellScriptBuildPhase;
			buildActionMask = 2147483647;
			files = (
			);
			inputPaths = (
			);
			name = "[CP] Check Pods Manifest.lock";
			outputPaths = (
			);
			runOnlyForDeploymentPostprocessing = 0;
			shellPath = /bin/sh;
			shellScript = "diff \"${PODS_ROOT}/../Podfile.lock\" \"${PODS_ROOT}/Manifest.lock\" > /dev/null\nif [ $? != 0 ] ; then\n    # print error to STDERR\n    echo \"error: The sandbox is not in sync with the Podfile.lock. Run 'pod install' or update your CocoaPods installation.\" >&2\n    exit 1\nfi\n";
			showEnvVarsInLog = 0;
		};
		7212DCBCABCB23B1563BA8D3 /* [CP] Embed Pods Frameworks */ = {
			isa = PBXShellScriptBuildPhase;
			buildActionMask = 2147483647;
			files = (
			);
			inputPaths = (
			);
			name = "[CP] Embed Pods Frameworks";
			outputPaths = (
			);
			runOnlyForDeploymentPostprocessing = 0;
			shellPath = /bin/sh;
			shellScript = "\"${SRCROOT}/Pods/Target Support Files/Pods-Vinterchat/Pods-Vinterchat-frameworks.sh\"\n";
			showEnvVarsInLog = 0;
		};
/* End PBXShellScriptBuildPhase section */

/* Begin PBXSourcesBuildPhase section */
		22FCC3A51E269CA500DD3925 /* Sources */ = {
			isa = PBXSourcesBuildPhase;
			buildActionMask = 2147483647;
			files = (
				22FCC3AF1E269CA500DD3925 /* SignInViewController.swift in Sources */,
				22C443D21E2D5F3A00F4EA5C /* PictureViewController.swift in Sources */,
				22C443D61E2E98DB00F4EA5C /* User.swift in Sources */,
				22C443D41E2D82F100F4EA5C /* SelectUserViewController.swift in Sources */,
				22C443DB1E2EB29800F4EA5C /* Snap.swift in Sources */,
				22FCC3AD1E269CA500DD3925 /* AppDelegate.swift in Sources */,
				22C443D01E2D51DD00F4EA5C /* SnapsViewController.swift in Sources */,
			);
			runOnlyForDeploymentPostprocessing = 0;
		};
/* End PBXSourcesBuildPhase section */

/* Begin PBXVariantGroup section */
		22FCC3B01E269CA500DD3925 /* Main.storyboard */ = {
			isa = PBXVariantGroup;
			children = (
				22FCC3B11E269CA500DD3925 /* Base */,
			);
			name = Main.storyboard;
			sourceTree = "<group>";
		};
		22FCC3B51E269CA500DD3925 /* LaunchScreen.storyboard */ = {
			isa = PBXVariantGroup;
			children = (
				22FCC3B61E269CA500DD3925 /* Base */,
			);
			name = LaunchScreen.storyboard;
			sourceTree = "<group>";
		};
/* End PBXVariantGroup section */

/* Begin XCBuildConfiguration section */
		22FCC3B91E269CA500DD3925 /* Debug */ = {
			isa = XCBuildConfiguration;
			buildSettings = {
				ALWAYS_SEARCH_USER_PATHS = NO;
				CLANG_ANALYZER_NONNULL = YES;
				CLANG_CXX_LANGUAGE_STANDARD = "gnu++0x";
				CLANG_CXX_LIBRARY = "libc++";
				CLANG_ENABLE_MODULES = YES;
				CLANG_ENABLE_OBJC_ARC = YES;
				CLANG_WARN_BOOL_CONVERSION = YES;
				CLANG_WARN_CONSTANT_CONVERSION = YES;
				CLANG_WARN_DIRECT_OBJC_ISA_USAGE = YES_ERROR;
				CLANG_WARN_DOCUMENTATION_COMMENTS = YES;
				CLANG_WARN_EMPTY_BODY = YES;
				CLANG_WARN_ENUM_CONVERSION = YES;
				CLANG_WARN_INFINITE_RECURSION = YES;
				CLANG_WARN_INT_CONVERSION = YES;
				CLANG_WARN_OBJC_ROOT_CLASS = YES_ERROR;
				CLANG_WARN_SUSPICIOUS_MOVE = YES;
				CLANG_WARN_UNREACHABLE_CODE = YES;
				CLANG_WARN__DUPLICATE_METHOD_MATCH = YES;
				"CODE_SIGN_IDENTITY[sdk=iphoneos*]" = "iPhone Developer";
				COPY_PHASE_STRIP = NO;
				DEBUG_INFORMATION_FORMAT = dwarf;
				ENABLE_STRICT_OBJC_MSGSEND = YES;
				ENABLE_TESTABILITY = YES;
				GCC_C_LANGUAGE_STANDARD = gnu99;
				GCC_DYNAMIC_NO_PIC = NO;
				GCC_NO_COMMON_BLOCKS = YES;
				GCC_OPTIMIZATION_LEVEL = 0;
				GCC_PREPROCESSOR_DEFINITIONS = (
					"DEBUG=1",
					"$(inherited)",
				);
				GCC_WARN_64_TO_32_BIT_CONVERSION = YES;
				GCC_WARN_ABOUT_RETURN_TYPE = YES_ERROR;
				GCC_WARN_UNDECLARED_SELECTOR = YES;
				GCC_WARN_UNINITIALIZED_AUTOS = YES_AGGRESSIVE;
				GCC_WARN_UNUSED_FUNCTION = YES;
				GCC_WARN_UNUSED_VARIABLE = YES;
				IPHONEOS_DEPLOYMENT_TARGET = 10.2;
				MTL_ENABLE_DEBUG_INFO = YES;
				ONLY_ACTIVE_ARCH = YES;
				SDKROOT = iphoneos;
				SWIFT_ACTIVE_COMPILATION_CONDITIONS = DEBUG;
				SWIFT_OPTIMIZATION_LEVEL = "-Onone";
				TARGETED_DEVICE_FAMILY = "1,2";
			};
			name = Debug;
		};
		22FCC3BA1E269CA500DD3925 /* Release */ = {
			isa = XCBuildConfiguration;
			buildSettings = {
				ALWAYS_SEARCH_USER_PATHS = NO;
				CLANG_ANALYZER_NONNULL = YES;
				CLANG_CXX_LANGUAGE_STANDARD = "gnu++0x";
				CLANG_CXX_LIBRARY = "libc++";
				CLANG_ENABLE_MODULES = YES;
				CLANG_ENABLE_OBJC_ARC = YES;
				CLANG_WARN_BOOL_CONVERSION = YES;
				CLANG_WARN_CONSTANT_CONVERSION = YES;
				CLANG_WARN_DIRECT_OBJC_ISA_USAGE = YES_ERROR;
				CLANG_WARN_DOCUMENTATION_COMMENTS = YES;
				CLANG_WARN_EMPTY_BODY = YES;
				CLANG_WARN_ENUM_CONVERSION = YES;
				CLANG_WARN_INFINITE_RECURSION = YES;
				CLANG_WARN_INT_CONVERSION = YES;
				CLANG_WARN_OBJC_ROOT_CLASS = YES_ERROR;
				CLANG_WARN_SUSPICIOUS_MOVE = YES;
				CLANG_WARN_UNREACHABLE_CODE = YES;
				CLANG_WARN__DUPLICATE_METHOD_MATCH = YES;
				"CODE_SIGN_IDENTITY[sdk=iphoneos*]" = "iPhone Developer";
				COPY_PHASE_STRIP = NO;
				DEBUG_INFORMATION_FORMAT = "dwarf-with-dsym";
				ENABLE_NS_ASSERTIONS = NO;
				ENABLE_STRICT_OBJC_MSGSEND = YES;
				GCC_C_LANGUAGE_STANDARD = gnu99;
				GCC_NO_COMMON_BLOCKS = YES;
				GCC_WARN_64_TO_32_BIT_CONVERSION = YES;
				GCC_WARN_ABOUT_RETURN_TYPE = YES_ERROR;
				GCC_WARN_UNDECLARED_SELECTOR = YES;
				GCC_WARN_UNINITIALIZED_AUTOS = YES_AGGRESSIVE;
				GCC_WARN_UNUSED_FUNCTION = YES;
				GCC_WARN_UNUSED_VARIABLE = YES;
				IPHONEOS_DEPLOYMENT_TARGET = 10.2;
				MTL_ENABLE_DEBUG_INFO = NO;
				SDKROOT = iphoneos;
				SWIFT_OPTIMIZATION_LEVEL = "-Owholemodule";
				TARGETED_DEVICE_FAMILY = "1,2";
				VALIDATE_PRODUCT = YES;
			};
			name = Release;
		};
		22FCC3BC1E269CA500DD3925 /* Debug */ = {
			isa = XCBuildConfiguration;
			baseConfigurationReference = 5C898922BD5CAB45DC7128C9 /* Pods-Vinterchat.debug.xcconfig */;
			buildSettings = {
				ASSETCATALOG_COMPILER_APPICON_NAME = AppIcon;
				DEVELOPMENT_TEAM = TD289HG895;
				INFOPLIST_FILE = Vinterchat/Info.plist;
				LD_RUNPATH_SEARCH_PATHS = "$(inherited) @executable_path/Frameworks";
				PRODUCT_BUNDLE_IDENTIFIER = tv.vinter.Vinterchat;
				PRODUCT_NAME = "$(TARGET_NAME)";
				SWIFT_VERSION = 3.0;
			};
			name = Debug;
		};
		22FCC3BD1E269CA500DD3925 /* Release */ = {
			isa = XCBuildConfiguration;
			baseConfigurationReference = 1977B3A4C75040D7519291A8 /* Pods-Vinterchat.release.xcconfig */;
			buildSettings = {
				ASSETCATALOG_COMPILER_APPICON_NAME = AppIcon;
				DEVELOPMENT_TEAM = TD289HG895;
				INFOPLIST_FILE = Vinterchat/Info.plist;
				LD_RUNPATH_SEARCH_PATHS = "$(inherited) @executable_path/Frameworks";
				PRODUCT_BUNDLE_IDENTIFIER = tv.vinter.Vinterchat;
				PRODUCT_NAME = "$(TARGET_NAME)";
				SWIFT_VERSION = 3.0;
			};
			name = Release;
		};
/* End XCBuildConfiguration section */

/* Begin XCConfigurationList section */
		22FCC3A41E269CA500DD3925 /* Build configuration list for PBXProject "Vinterchat" */ = {
			isa = XCConfigurationList;
			buildConfigurations = (
				22FCC3B91E269CA500DD3925 /* Debug */,
				22FCC3BA1E269CA500DD3925 /* Release */,
			);
			defaultConfigurationIsVisible = 0;
			defaultConfigurationName = Release;
		};
		22FCC3BB1E269CA500DD3925 /* Build configuration list for PBXNativeTarget "Vinterchat" */ = {
			isa = XCConfigurationList;
			buildConfigurations = (
				22FCC3BC1E269CA500DD3925 /* Debug */,
				22FCC3BD1E269CA500DD3925 /* Release */,
			);
			defaultConfigurationIsVisible = 0;
			defaultConfigurationName = Release;
		};
/* End XCConfigurationList section */
	};
	rootObject = 22FCC3A11E269CA500DD3925 /* Project object */;
}
